// !$*UTF8*$!
{
	archiveVersion = 1;
	classes = {
	};
	objectVersion = 77;
	objects = {

/* Begin PBXBuildFile section */
		31947F352FC96AD4002194A5 /* DebugBridgeUI in Frameworks */ = {isa = PBXBuildFile; productRef = 31947F342FC96AD4002194A5 /* DebugBridgeUI */; };
/* End PBXBuildFile section */

/* Begin PBXContainerItemProxy section */
		318B5B322FB593120046CC90 /* PBXContainerItemProxy */ = {
			isa = PBXContainerItemProxy;
			containerPortal = 318B5B1A2FB593100046CC90 /* Project object */;
			proxyType = 1;
			remoteGlobalIDString = 318B5B212FB593100046CC90;
			remoteInfo = camusean;
		};
		318B5B3C2FB593120046CC90 /* PBXContainerItemProxy */ = {
			isa = PBXContainerItemProxy;
			containerPortal = 318B5B1A2FB593100046CC90 /* Project object */;
			proxyType = 1;
			remoteGlobalIDString = 318B5B212FB593100046CC90;
			remoteInfo = camusean;
		};
/* End PBXContainerItemProxy section */

/* Begin PBXFileReference section */
		318B5B222FB593100046CC90 /* camusean.app */ = {isa = PBXFileReference; explicitFileType = wrapper.application; includeInIndex = 0; path = camusean.app; sourceTree = BUILT_PRODUCTS_DIR; };
		318B5B312FB593120046CC90 /* camuseanTests.xctest */ = {isa = PBXFileReference; explicitFileType = wrapper.cfbundle; includeInIndex = 0; path = camuseanTests.xctest; sourceTree = BUILT_PRODUCTS_DIR; };
		318B5B3B2FB593120046CC90 /* camuseanUITests.xctest */ = {isa = PBXFileReference; explicitFileType = wrapper.cfbundle; includeInIndex = 0; path = camuseanUITests.xctest; sourceTree = BUILT_PRODUCTS_DIR; };
/* End PBXFileReference section */

/* Begin PBXFileSystemSynchronizedRootGroup section */
		318B5B242FB593100046CC90 /* camusean */ = {
			isa = PBXFileSystemSynchronizedRootGroup;
			path = camusean;
			sourceTree = "<group>";
		};
		318B5B342FB593120046CC90 /* camuseanTests */ = {
			isa = PBXFileSystemSynchronizedRootGroup;
			path = camuseanTests;
			sourceTree = "<group>";
		};
		318B5B3E2FB593120046CC90 /* camuseanUITests */ = {
			isa = PBXFileSystemSynchronizedRootGroup;
			path = camuseanUITests;
			sourceTree = "<group>";
		};
/* End PBXFileSystemSynchronizedRootGroup section */

/* Begin PBXFrameworksBuildPhase section */
		318B5B1F2FB593100046CC90 /* Frameworks */ = {
			isa = PBXFrameworksBuildPhase;
			buildActionMask = 2147483647;
			files = (
				31947F352FC96AD4002194A5 /* DebugBridgeUI in Frameworks */,
			);
			runOnlyForDeploymentPostprocessing = 0;
		};
		318B5B2E2FB593120046CC90 /* Frameworks */ = {
			isa = PBXFrameworksBuildPhase;
			buildActionMask = 2147483647;
			files = (
			);
			runOnlyForDeploymentPostprocessing = 0;
		};
		318B5B382FB593120046CC90 /* Frameworks */ = {
			isa = PBXFrameworksBuildPhase;
			buildActionMask = 2147483647;
			files = (
			);
			runOnlyForDeploymentPostprocessing = 0;
		};
/* End PBXFrameworksBuildPhase section */

/* Begin PBXGroup section */
		318B5B192FB593100046CC90 = {
			isa = PBXGroup;
			children = (
				318B5B242FB593100046CC90 /* camusean */,
				318B5B342FB593120046CC90 /* camuseanTests */,
				318B5B3E2FB593120046CC90 /* camuseanUITests */,
				318B5B232FB593100046CC90 /* Products */,
			);
			sourceTree = "<group>";
		};
		318B5B232FB593100046CC90 /* Products */ = {
			isa = PBXGroup;
			children = (
				318B5B222FB593100046CC90 /* camusean.app */,
				318B5B312FB593120046CC90 /* camuseanTests.xctest */,
				318B5B3B2FB593120046CC90 /* camuseanUITests.xctest */,
			);
			name = Products;
			sourceTree = "<group>";
		};
/* End PBXGroup section */

/* Begin PBXNativeTarget section */
		318B5B212FB593100046CC90 /* camusean */ = {
			isa = PBXNativeTarget;
			buildConfigurationList = 318B5B452FB593120046CC90 /* Build configuration list for PBXNativeTarget "camusean" */;
			buildPhases = (
				318B5B1E2FB593100046CC90 /* Sources */,
				318B5B1F2FB593100046CC90 /* Frameworks */,
				318B5B202FB593100046CC90 /* Resources */,
			);
			buildRules = (
			);
			dependencies = (
			);
			fileSystemSynchronizedGroups = (
				318B5B242FB593100046CC90 /* camusean */,
			);
			name = camusean;
			packageProductDependencies = (
				31947F342FC96AD4002194A5 /* DebugBridgeUI */,
			);
			productName = camusean;
			productReference = 318B5B222FB593100046CC90 /* camusean.app */;
			productType = "com.apple.product-type.application";
		};
		318B5B302FB593120046CC90 /* camuseanTests */ = {
			isa = PBXNativeTarget;
			buildConfigurationList = 318B5B482FB593120046CC90 /* Build configuration list for PBXNativeTarget "camuseanTests" */;
			buildPhases = (
				318B5B2D2FB593120046CC90 /* Sources */,
				318B5B2E2FB593120046CC90 /* Frameworks */,
				318B5B2F2FB593120046CC90 /* Resources */,
			);
			buildRules = (
			);
			dependencies = (
				318B5B332FB593120046CC90 /* PBXTargetDependency */,
			);
			fileSystemSynchronizedGroups = (
				318B5B342FB593120046CC90 /* camuseanTests */,
			);
			name = camuseanTests;
			packageProductDependencies = (
			);
			productName = camuseanTests;
			productReference = 318B5B312FB593120046CC90 /* camuseanTests.xctest */;
			productType = "com.apple.product-type.bundle.unit-test";
		};
		318B5B3A2FB593120046CC90 /* camuseanUITests */ = {
			isa = PBXNativeTarget;
			buildConfigurationList = 318B5B4B2FB593120046CC90 /* Build configuration list for PBXNativeTarget "camuseanUITests" */;
			buildPhases = (
				318B5B372FB593120046CC90 /* Sources */,
				318B5B382FB593120046CC90 /* Frameworks */,
				318B5B392FB593120046CC90 /* Resources */,
			);
			buildRules = (
			);
			dependencies = (
				318B5B3D2FB593120046CC90 /* PBXTargetDependency */,
			);
			fileSystemSynchronizedGroups = (
				318B5B3E2FB593120046CC90 /* camuseanUITests */,
			);
			name = camuseanUITests;
			packageProductDependencies = (
			);
			productName = camuseanUITests;
			productReference = 318B5B3B2FB593120046CC90 /* camuseanUITests.xctest */;
			productType = "com.apple.product-type.bundle.ui-testing";
		};
/* End PBXNativeTarget section */

/* Begin PBXProject section */
		318B5B1A2FB593100046CC90 /* Project object */ = {
			isa = PBXProject;
			attributes = {
				BuildIndependentTargetsInParallel = 1;
				LastSwiftUpdateCheck = 2620;
				LastUpgradeCheck = 2650;
				TargetAttributes = {
					318B5B212FB593100046CC90 = {
						CreatedOnToolsVersion = 26.2;
					};
					318B5B302FB593120046CC90 = {
						CreatedOnToolsVersion = 26.2;
						TestTargetID = 318B5B212FB593100046CC90;
					};
					318B5B3A2FB593120046CC90 = {
						CreatedOnToolsVersion = 26.2;
						TestTargetID = 318B5B212FB593100046CC90;
					};
				};
			};
			buildConfigurationList = 318B5B1D2FB593100046CC90 /* Build configuration list for PBXProject "camusean" */;
			developmentRegion = en;
			hasScannedForEncodings = 0;
			knownRegions = (
				en,
				Base,
			);
			mainGroup = 318B5B192FB593100046CC90;
			minimizedProjectReferenceProxies = 1;
			packageReferences = (
				31947F332FC96AD4002194A5 /* XCLocalSwiftPackageReference "DebugBridge" */,
			);
			preferredProjectObjectVersion = 77;
			productRefGroup = 318B5B232FB593100046CC90 /* Products */;
			projectDirPath = "";
			projectRoot = "";
			targets = (
				318B5B212FB593100046CC90 /* camusean */,
				318B5B302FB593120046CC90 /* camuseanTests */,
				318B5B3A2FB593120046CC90 /* camuseanUITests */,
			);
		};
/* End PBXProject section */

/* Begin PBXResourcesBuildPhase section */
		318B5B202FB593100046CC90 /* Resources */ = {
			isa = PBXResourcesBuildPhase;
			buildActionMask = 2147483647;
			files = (
			);
			runOnlyForDeploymentPostprocessing = 0;
		};
		318B5B2F2FB593120046CC90 /* Resources */ = {
			isa = PBXResourcesBuildPhase;
			buildActionMask = 2147483647;
			files = (
			);
			runOnlyForDeploymentPostprocessing = 0;
		};
		318B5B392FB593120046CC90 /* Resources */ = {
			isa = PBXResourcesBuildPhase;
			buildActionMask = 2147483647;
			files = (
			);
			runOnlyForDeploymentPostprocessing = 0;
		};
/* End PBXResourcesBuildPhase section */

/* Begin PBXSourcesBuildPhase section */
		318B5B1E2FB593100046CC90 /* Sources */ = {
			isa = PBXSourcesBuildPhase;
			buildActionMask = 2147483647;
			files = (
			);
			runOnlyForDeploymentPostprocessing = 0;
		};
		318B5B2D2FB593120046CC90 /* Sources */ = {
			isa = PBXSourcesBuildPhase;
			buildActionMask = 2147483647;
			files = (
			);
			runOnlyForDeploymentPostprocessing = 0;
		};
		318B5B372FB593120046CC90 /* Sources */ = {
			isa = PBXSourcesBuildPhase;
			buildActionMask = 2147483647;
			files = (
			);
			runOnlyForDeploymentPostprocessing = 0;
		};
/* End PBXSourcesBuildPhase section */

/* Begin PBXTargetDependency section */
		318B5B332FB593120046CC90 /* PBXTargetDependency */ = {
			isa = PBXTargetDependency;
			target = 318B5B212FB593100046CC90 /* camusean */;
			targetProxy = 318B5B322FB593120046CC90 /* PBXContainerItemProxy */;
		};
		318B5B3D2FB593120046CC90 /* PBXTargetDependency */ = {
			isa = PBXTargetDependency;
			target = 318B5B212FB593100046CC90 /* camusean */;
			targetProxy = 318B5B3C2FB593120046CC90 /* PBXContainerItemProxy */;
		};
/* End PBXTargetDependency section */

/* Begin XCBuildConfiguration section */
		318B5B432FB593120046CC90 /* Debug */ = {
			isa = XCBuildConfiguration;
			buildSettings = {
				ALWAYS_SEARCH_USER_PATHS = NO;
				ASSETCATALOG_COMPILER_GENERATE_SWIFT_ASSET_SYMBOL_EXTENSIONS = YES;
				CLANG_ANALYZER_NONNULL = YES;
				CLANG_ANALYZER_NUMBER_OBJECT_CONVERSION = YES_AGGRESSIVE;
				CLANG_CXX_LANGUAGE_STANDARD = "gnu++20";
				CLANG_ENABLE_MODULES = YES;
				CLANG_ENABLE_OBJC_ARC = YES;
				CLANG_ENABLE_OBJC_WEAK = YES;
				CLANG_WARN_BLOCK_CAPTURE_AUTORELEASING = YES;
				CLANG_WARN_BOOL_CONVERSION = YES;
				CLANG_WARN_COMMA = YES;
				CLANG_WARN_CONSTANT_CONVERSION = YES;
				CLANG_WARN_DEPRECATED_OBJC_IMPLEMENTATIONS = YES;
				CLANG_WARN_DIRECT_OBJC_ISA_USAGE = YES_ERROR;
				CLANG_WARN_DOCUMENTATION_COMMENTS = YES;
				CLANG_WARN_EMPTY_BODY = YES;
				CLANG_WARN_ENUM_CONVERSION = YES;
				CLANG_WARN_INFINITE_RECURSION = YES;
				CLANG_WARN_INT_CONVERSION = YES;
				CLANG_WARN_NON_LITERAL_NULL_CONVERSION = YES;
				CLANG_WARN_OBJC_IMPLICIT_RETAIN_SELF = YES;
				CLANG_WARN_OBJC_LITERAL_CONVERSION = YES;
				CLANG_WARN_OBJC_ROOT_CLASS = YES_ERROR;
				CLANG_WARN_QUOTED_INCLUDE_IN_FRAMEWORK_HEADER = YES;
				CLANG_WARN_RANGE_LOOP_ANALYSIS = YES;
				CLANG_WARN_STRICT_PROTOTYPES = YES;
				CLANG_WARN_SUSPICIOUS_MOVE = YES;
				CLANG_WARN_UNGUARDED_AVAILABILITY = YES_AGGRESSIVE;
				CLANG_WARN_UNREACHABLE_CODE = YES;
				CLANG_WARN__DUPLICATE_METHOD_MATCH = YES;
				COPY_PHASE_STRIP = NO;
				DEBUG_INFORMATION_FORMAT = dwarf;
				DEVELOPMENT_TEAM = "";
				ENABLE_STRICT_OBJC_MSGSEND = YES;
				ENABLE_TESTABILITY = YES;
				ENABLE_USER_SCRIPT_SANDBOXING = YES;
				GCC_C_LANGUAGE_STANDARD = gnu17;
				GCC_DYNAMIC_NO_PIC = NO;
				GCC_NO_COMMON_BLOCKS = YES;
				GCC_OPTIMIZATION_LEVEL = 0;
				GCC_PREPROCESSOR_DEFINITIONS = (
					"DEBUG=1",
					"$(inherited)",
				);
				GCC_WARN_64_TO_32_BIT_CONVERSION = YES;
				GCC_WARN_ABOUT_RETURN_TYPE = YES_ERROR;
				GCC_WARN_UNDECLARED_SELECTOR = YES;
				GCC_WARN_UNINITIALIZED_AUTOS = YES_AGGRESSIVE;
				GCC_WARN_UNUSED_FUNCTION = YES;
				GCC_WARN_UNUSED_VARIABLE = YES;
				IPHONEOS_DEPLOYMENT_TARGET = 18.0;
				LOCALIZATION_PREFERS_STRING_CATALOGS = YES;
				MTL_ENABLE_DEBUG_INFO = INCLUDE_SOURCE;
				MTL_FAST_MATH = YES;
				ONLY_ACTIVE_ARCH = YES;
				SDKROOT = iphoneos;
				STRING_CATALOG_GENERATE_SYMBOLS = YES;
				SWIFT_ACTIVE_COMPILATION_CONDITIONS = "DEBUG $(inherited)";
				SWIFT_OPTIMIZATION_LEVEL = "-Onone";
			};
			name = Debug;
		};
		318B5B442FB593120046CC90 /* Release */ = {
			isa = XCBuildConfiguration;
			buildSettings = {
				ALWAYS_SEARCH_USER_PATHS = NO;
				ASSETCATALOG_COMPILER_GENERATE_SWIFT_ASSET_SYMBOL_EXTENSIONS = YES;
				CLANG_ANALYZER_NONNULL = YES;
				CLANG_ANALYZER_NUMBER_OBJECT_CONVERSION = YES_AGGRESSIVE;
				CLANG_CXX_LANGUAGE_STANDARD = "gnu++20";
				CLANG_ENABLE_MODULES = YES;
				CLANG_ENABLE_OBJC_ARC = YES;
				CLANG_ENABLE_OBJC_WEAK = YES;
				CLANG_WARN_BLOCK_CAPTURE_AUTORELEASING = YES;
				CLANG_WARN_BOOL_CONVERSION = YES;
				CLANG_WARN_COMMA = YES;
				CLANG_WARN_CONSTANT_CONVERSION = YES;
				CLANG_WARN_DEPRECATED_OBJC_IMPLEMENTATIONS = YES;
				CLANG_WARN_DIRECT_OBJC_ISA_USAGE = YES_ERROR;
				CLANG_WARN_DOCUMENTATION_COMMENTS = YES;
				CLANG_WARN_EMPTY_BODY = YES;
				CLANG_WARN_ENUM_CONVERSION = YES;
				CLANG_WARN_INFINITE_RECURSION = YES;
				CLANG_WARN_INT_CONVERSION = YES;
				CLANG_WARN_NON_LITERAL_NULL_CONVERSION = YES;
				CLANG_WARN_OBJC_IMPLICIT_RETAIN_SELF = YES;
				CLANG_WARN_OBJC_LITERAL_CONVERSION = YES;
				CLANG_WARN_OBJC_ROOT_CLASS = YES_ERROR;
				CLANG_WARN_QUOTED_INCLUDE_IN_FRAMEWORK_HEADER = YES;
				CLANG_WARN_RANGE_LOOP_ANALYSIS = YES;
				CLANG_WARN_STRICT_PROTOTYPES = YES;
				CLANG_WARN_SUSPICIOUS_MOVE = YES;
				CLANG_WARN_UNGUARDED_AVAILABILITY = YES_AGGRESSIVE;
				CLANG_WARN_UNREACHABLE_CODE = YES;
				CLANG_WARN__DUPLICATE_METHOD_MATCH = YES;
				COPY_PHASE_STRIP = NO;
				DEBUG_INFORMATION_FORMAT = "dwarf-with-dsym";
				DEVELOPMENT_TEAM = "";
				ENABLE_NS_ASSERTIONS = NO;
				ENABLE_STRICT_OBJC_MSGSEND = YES;
				ENABLE_USER_SCRIPT_SANDBOXING = YES;
				GCC_C_LANGUAGE_STANDARD = gnu17;
				GCC_NO_COMMON_BLOCKS = YES;
				GCC_WARN_64_TO_32_BIT_CONVERSION = YES;
				GCC_WARN_ABOUT_RETURN_TYPE = YES_ERROR;
				GCC_WARN_UNDECLARED_SELECTOR = YES;
				GCC_WARN_UNINITIALIZED_AUTOS = YES_AGGRESSIVE;
				GCC_WARN_UNUSED_FUNCTION = YES;
				GCC_WARN_UNUSED_VARIABLE = YES;
				IPHONEOS_DEPLOYMENT_TARGET = 18.0;
				LOCALIZATION_PREFERS_STRING_CATALOGS = YES;
				MTL_ENABLE_DEBUG_INFO = NO;
				MTL_FAST_MATH = YES;
				SDKROOT = iphoneos;
				STRING_CATALOG_GENERATE_SYMBOLS = YES;
				SWIFT_COMPILATION_MODE = wholemodule;
				VALIDATE_PRODUCT = YES;
			};
			name = Release;
		};
		318B5B462FB593120046CC90 /* Debug */ = {
			isa = XCBuildConfiguration;
			buildSettings = {
				ASSETCATALOG_COMPILER_APPICON_NAME = AppIcon;
				ASSETCATALOG_COMPILER_GLOBAL_ACCENT_COLOR_NAME = AccentColor;
				CODE_SIGN_STYLE = Automatic;
				CURRENT_PROJECT_VERSION = 1;
				DEVELOPMENT_TEAM = LWQ9NP6HVT;
				ENABLE_PREVIEWS = YES;
				GENERATE_INFOPLIST_FILE = YES;
				INFOPLIST_KEY_NSMicrophoneUsageDescription = "Camusean needs the microphone to hear words you say during reading sessions.";
				INFOPLIST_KEY_NSSpeechRecognitionUsageDescription = "Camusean uses speech recognition to transcribe the words you say.";
				INFOPLIST_KEY_UIApplicationSceneManifest_Generation = YES;
				INFOPLIST_KEY_UIApplicationSupportsIndirectInputEvents = YES;
				INFOPLIST_KEY_UILaunchScreen_Generation = YES;
				INFOPLIST_KEY_UISupportedInterfaceOrientations_iPad = "UIInterfaceOrientationPortrait UIInterfaceOrientationPortraitUpsideDown UIInterfaceOrientationLandscapeLeft UIInterfaceOrientationLandscapeRight";
				INFOPLIST_KEY_UISupportedInterfaceOrientations_iPhone = "UIInterfaceOrientationPortrait UIInterfaceOrientationLandscapeLeft UIInterfaceOrientationLandscapeRight";
				LD_RUNPATH_SEARCH_PATHS = (
					"$(inherited)",
					"@executable_path/Frameworks",
				);
				MARKETING_VERSION = 1.0;
				PRODUCT_BUNDLE_IDENTIFIER = com.bdelasoie.camusean;
				PRODUCT_NAME = "$(TARGET_NAME)";
				STRING_CATALOG_GENERATE_SYMBOLS = YES;
				SWIFT_APPROACHABLE_CONCURRENCY = YES;
				SWIFT_DEFAULT_ACTOR_ISOLATION = MainActor;
				SWIFT_EMIT_LOC_STRINGS = YES;
				SWIFT_UPCOMING_FEATURE_MEMBER_IMPORT_VISIBILITY = YES;
				SWIFT_VERSION = 5.0;
				TARGETED_DEVICE_FAMILY = "1,2";
			};
			name = Debug;
		};
		318B5B472FB593120046CC90 /* Release */ = {
			isa = XCBuildConfiguration;
			buildSettings = {
				ASSETCATALOG_COMPILER_APPICON_NAME = AppIcon;
				ASSETCATALOG_COMPILER_GLOBAL_ACCENT_COLOR_NAME = AccentColor;
				CODE_SIGN_STYLE = Automatic;
				CURRENT_PROJECT_VERSION = 1;
				DEVELOPMENT_TEAM = LWQ9NP6HVT;
				ENABLE_PREVIEWS = YES;
				GENERATE_INFOPLIST_FILE = YES;
				INFOPLIST_KEY_NSMicrophoneUsageDescription = "Camusean needs the microphone to hear words you say during reading sessions.";
				INFOPLIST_KEY_NSSpeechRecognitionUsageDescription = "Camusean uses speech recognition to transcribe the words you say.";
				INFOPLIST_KEY_UIApplicationSceneManifest_Generation = YES;
				INFOPLIST_KEY_UIApplicationSupportsIndirectInputEvents = YES;
				INFOPLIST_KEY_UILaunchScreen_Generation = YES;
				INFOPLIST_KEY_UISupportedInterfaceOrientations_iPad = "UIInterfaceOrientationPortrait UIInterfaceOrientationPortraitUpsideDown UIInterfaceOrientationLandscapeLeft UIInterfaceOrientationLandscapeRight";
				INFOPLIST_KEY_UISupportedInterfaceOrientations_iPhone = "UIInterfaceOrientationPortrait UIInterfaceOrientationLandscapeLeft UIInterfaceOrientationLandscapeRight";
				LD_RUNPATH_SEARCH_PATHS = (
					"$(inherited)",
					"@executable_path/Frameworks",
				);
				MARKETING_VERSION = 1.0;
				PRODUCT_BUNDLE_IDENTIFIER = com.bdelasoie.camusean;
				PRODUCT_NAME = "$(TARGET_NAME)";
				STRING_CATALOG_GENERATE_SYMBOLS = YES;
				SWIFT_APPROACHABLE_CONCURRENCY = YES;
				SWIFT_DEFAULT_ACTOR_ISOLATION = MainActor;
				SWIFT_EMIT_LOC_STRINGS = YES;
				SWIFT_UPCOMING_FEATURE_MEMBER_IMPORT_VISIBILITY = YES;
				SWIFT_VERSION = 5.0;
				TARGETED_DEVICE_FAMILY = "1,2";
			};
			name = Release;
		};
		318B5B492FB593120046CC90 /* Debug */ = {
			isa = XCBuildConfiguration;
			buildSettings = {
				BUNDLE_LOADER = "$(TEST_HOST)";
				CODE_SIGN_STYLE = Automatic;
				CURRENT_PROJECT_VERSION = 1;
				DEVELOPMENT_TEAM = "";
				GENERATE_INFOPLIST_FILE = YES;
				IPHONEOS_DEPLOYMENT_TARGET = 18.0;
				MARKETING_VERSION = 1.0;
				PRODUCT_BUNDLE_IDENTIFIER = com.bdelasoie.camuseanTests;
				PRODUCT_NAME = "$(TARGET_NAME)";
				STRING_CATALOG_GENERATE_SYMBOLS = NO;
				SWIFT_APPROACHABLE_CONCURRENCY = YES;
				SWIFT_EMIT_LOC_STRINGS = NO;
				SWIFT_UPCOMING_FEATURE_MEMBER_IMPORT_VISIBILITY = YES;
				SWIFT_VERSION = 5.0;
				TARGETED_DEVICE_FAMILY = "1,2";
				TEST_HOST = "$(BUILT_PRODUCTS_DIR)/camusean.app/$(BUNDLE_EXECUTABLE_FOLDER_PATH)/camusean";
			};
			name = Debug;
		};
		318B5B4A2FB593120046CC90 /* Release */ = {
			isa = XCBuildConfiguration;
			buildSettings = {
				BUNDLE_LOADER = "$(TEST_HOST)";
				CODE_SIGN_STYLE = Automatic;
				CURRENT_PROJECT_VERSION = 1;
				DEVELOPMENT_TEAM = "";
				GENERATE_INFOPLIST_FILE = YES;
				IPHONEOS_DEPLOYMENT_TARGET = 18.0;
				MARKETING_VERSION = 1.0;
				PRODUCT_BUNDLE_IDENTIFIER = com.bdelasoie.camuseanTests;
				PRODUCT_NAME = "$(TARGET_NAME)";
				STRING_CATALOG_GENERATE_SYMBOLS = NO;
				SWIFT_APPROACHABLE_CONCURRENCY = YES;
				SWIFT_EMIT_LOC_STRINGS = NO;
				SWIFT_UPCOMING_FEATURE_MEMBER_IMPORT_VISIBILITY = YES;
				SWIFT_VERSION = 5.0;
				TARGETED_DEVICE_FAMILY = "1,2";
				TEST_HOST = "$(BUILT_PRODUCTS_DIR)/camusean.app/$(BUNDLE_EXECUTABLE_FOLDER_PATH)/camusean";
			};
			name = Release;
		};
		318B5B4C2FB593120046CC90 /* Debug */ = {
			isa = XCBuildConfiguration;
			buildSettings = {
				CODE_SIGN_STYLE = Automatic;
				CURRENT_PROJECT_VERSION = 1;
				DEVELOPMENT_TEAM = "";
				GENERATE_INFOPLIST_FILE = YES;
				MARKETING_VERSION = 1.0;
				PRODUCT_BUNDLE_IDENTIFIER = com.bdelasoie.camuseanUITests;
				PRODUCT_NAME = "$(TARGET_NAME)";
				STRING_CATALOG_GENERATE_SYMBOLS = NO;
				SWIFT_APPROACHABLE_CONCURRENCY = YES;
				SWIFT_EMIT_LOC_STRINGS = NO;
				SWIFT_UPCOMING_FEATURE_MEMBER_IMPORT_VISIBILITY = YES;
				SWIFT_VERSION = 5.0;
				TARGETED_DEVICE_FAMILY = "1,2";
				TEST_TARGET_NAME = camusean;
			};
			name = Debug;
		};
		318B5B4D2FB593120046CC90 /* Release */ = {
			isa = XCBuildConfiguration;
			buildSettings = {
				CODE_SIGN_STYLE = Automatic;
				CURRENT_PROJECT_VERSION = 1;
				DEVELOPMENT_TEAM = "";
				GENERATE_INFOPLIST_FILE = YES;
				MARKETING_VERSION = 1.0;
				PRODUCT_BUNDLE_IDENTIFIER = com.bdelasoie.camuseanUITests;
				PRODUCT_NAME = "$(TARGET_NAME)";
				STRING_CATALOG_GENERATE_SYMBOLS = NO;
				SWIFT_APPROACHABLE_CONCURRENCY = YES;
				SWIFT_EMIT_LOC_STRINGS = NO;
				SWIFT_UPCOMING_FEATURE_MEMBER_IMPORT_VISIBILITY = YES;
				SWIFT_VERSION = 5.0;
				TARGETED_DEVICE_FAMILY = "1,2";
				TEST_TARGET_NAME = camusean;
			};
			name = Release;
		};
/* End XCBuildConfiguration section */

/* Begin XCConfigurationList section */
		318B5B1D2FB593100046CC90 /* Build configuration list for PBXProject "camusean" */ = {
			isa = XCConfigurationList;
			buildConfigurations = (
				318B5B432FB593120046CC90 /* Debug */,
				318B5B442FB593120046CC90 /* Release */,
			);
			defaultConfigurationIsVisible = 0;
			defaultConfigurationName = Release;
		};
		318B5B452FB593120046CC90 /* Build configuration list for PBXNativeTarget "camusean" */ = {
			isa = XCConfigurationList;
			buildConfigurations = (
				318B5B462FB593120046CC90 /* Debug */,
				318B5B472FB593120046CC90 /* Release */,
			);
			defaultConfigurationIsVisible = 0;
			defaultConfigurationName = Release;
		};
		318B5B482FB593120046CC90 /* Build configuration list for PBXNativeTarget "camuseanTests" */ = {
			isa = XCConfigurationList;
			buildConfigurations = (
				318B5B492FB593120046CC90 /* Debug */,
				318B5B4A2FB593120046CC90 /* Release */,
			);
			defaultConfigurationIsVisible = 0;
			defaultConfigurationName = Release;
		};
		318B5B4B2FB593120046CC90 /* Build configuration list for PBXNativeTarget "camuseanUITests" */ = {
			isa = XCConfigurationList;
			buildConfigurations = (
				318B5B4C2FB593120046CC90 /* Debug */,
				318B5B4D2FB593120046CC90 /* Release */,
			);
			defaultConfigurationIsVisible = 0;
			defaultConfigurationName = Release;
		};
/* End XCConfigurationList section */

/* Begin XCLocalSwiftPackageReference section */
		31947F332FC96AD4002194A5 /* XCLocalSwiftPackageReference "DebugBridge" */ = {
			isa = XCLocalSwiftPackageReference;
			relativePath = DebugBridge;
		};
/* End XCLocalSwiftPackageReference section */

/* Begin XCSwiftPackageProductDependency section */
		31947F342FC96AD4002194A5 /* DebugBridgeUI */ = {
			isa = XCSwiftPackageProductDependency;
			productName = DebugBridgeUI;
		};
/* End XCSwiftPackageProductDependency section */
	};
	rootObject = 318B5B1A2FB593100046CC90 /* Project object */;
}
